{
  "name": "hmc-win32",
  "version": "1.1.1",
  "lockfileVersion": 2,
  "requires": true,
  "packages": {
    "": {
      "name": "hmc-win32",
      "version": "1.1.1",
      "license": "MIT License",
      "dependencies": {
        "argv-split": "^2.0.1"
      },
      "devDependencies": {
        "@types/node": "^8.0.0"
      },
      "engines": {
        "node": ">= 6.14.2"
      }
    },
    "node_modules/@types/node": {
      "version": "8.10.66",
      "resolved": "https://registry.npmjs.org/@types/node/-/node-8.10.66.tgz",
      "integrity": "sha512-tktOkFUA4kXx2hhhrB8bIFb5TbwzS4uOhKEmwiD+NoiL0qtP2OQ9mFldbgD4dV1djrlBYP6eBuQZiWjuHUpqFw==",
      "dev": true
    },
    "node_modules/argv-split": {
      "version": "2.0.1",
      "resolved": "https://registry.npmjs.org/argv-split/-/argv-split-2.0.1.tgz",
      "integrity": "sha512-qp4ts4VbGX40y4xPdIrmKGXL3RK9mJ1ia5lnluS5vq9vL4oVtT0nIiYJNBrccd/66N376W7CUdiQI0tj28DlHw==",
      "engines": {
        "node": ">=0.10.0"
      }
    }
  },
  "dependencies": {
    "@types/node": {
      "version": "8.10.66",
      "resolved": "https://registry.npmjs.org/@types/node/-/node-8.10.66.tgz",
      "integrity": "sha512-tktOkFUA4kXx2hhhrB8bIFb5TbwzS4uOhKEmwiD+NoiL0qtP2OQ9mFldbgD4dV1djrlBYP6eBuQZiWjuHUpqFw==",
      "dev": true
    },
    "argv-split": {
      "version": "2.0.1",
      "resolved": "https://registry.npmjs.org/argv-split/-/argv-split-2.0.1.tgz",
      "integrity": "sha512-qp4ts4VbGX40y4xPdIrmKGXL3RK9mJ1ia5lnluS5vq9vL4oVtT0nIiYJNBrccd/66N376W7CUdiQI0tj28DlHw=="
    }
  }
}
